
Microsoft Visual Studio Solution File, Format Version 9.00
# Visual Studio 2005
Project("{FAE04EC0-301F-11D3-BF4B-00C04F79EFBC}") = "NBodyForMicrosoft2", "NBodyForMicrosoft2\NBodyForMicrosoft2.csproj", "{E50B199A-1B38-435E-847E-979274FBBF2F}"
EndProject
Global
	GlobalSection(SolutionConfigurationPlatforms) = preSolution
		Debug|Any CPU = Debug|Any CPU
		Release|Any CPU = Release|Any CPU
	EndGlobalSection
	GlobalSection(ProjectConfigurationPlatforms) = postSolution
		{E50B199A-1B38-435E-847E-979274FBBF2F}.Debug|Any CPU.ActiveCfg = Debug|Any CPU
		{E50B199A-1B38-435E-847E-979274FBBF2F}.Debug|Any CPU.Build.0 = Debug|Any CPU
		{E50B199A-1B38-435E-847E-979274FBBF2F}.Release|Any CPU.ActiveCfg = Release|Any CPU
		{E50B199A-1B38-435E-847E-979274FBBF2F}.Release|Any CPU.Build.0 = Release|Any CPU
	EndGlobalSection
	GlobalSection(SolutionProperties) = preSolution
		HideSolutionNode = FALSE
	EndGlobalSection
EndGlobal
